
Microsoft Visual Studio Solution File, Format Version 12.00
# Visual Studio Version 17
VisualStudioVersion = 17.7.34018.315
MinimumVisualStudioVersion = 10.0.40219.1
Project("{FAE04EC0-301F-11D3-BF4B-00C04F79EFBC}") = "SMTP 1", "SMTP 1\SMTP 1.csproj", "{E7BADA30-0F70-4BFC-A001-DA6C41BC3D62}"
EndProject
Global
	GlobalSection(SolutionConfigurationPlatforms) = preSolution
		Debug|Any CPU = Debug|Any CPU
		Release|Any CPU = Release|Any CPU
	EndGlobalSection
	GlobalSection(ProjectConfigurationPlatforms) = postSolution
		{E7BADA30-0F70-4BFC-A001-DA6C41BC3D62}.Debug|Any CPU.ActiveCfg = Debug|Any CPU
		{E7BADA30-0F70-4BFC-A001-DA6C41BC3D62}.Debug|Any CPU.Build.0 = Debug|Any CPU
		{E7BADA30-0F70-4BFC-A001-DA6C41BC3D62}.Release|Any CPU.ActiveCfg = Release|Any CPU
		{E7BADA30-0F70-4BFC-A001-DA6C41BC3D62}.Release|Any CPU.Build.0 = Release|Any CPU
	EndGlobalSection
	GlobalSection(SolutionProperties) = preSolution
		HideSolutionNode = FALSE
	EndGlobalSection
	GlobalSection(ExtensibilityGlobals) = postSolution
		SolutionGuid = {C3D7D1A9-28DA-4E10-B72C-E47F1ADC4E51}
	EndGlobalSection
EndGlobal
